// !$*UTF8*$!
{
	archiveVersion = 1;
	classes = {
	};
	objectVersion = 46;
	objects = {

/* Begin PBXBuildFile section */
		B14D573D16125A5300F282A8 /* hipmob.framework in Frameworks */ = {isa = PBXBuildFile; fileRef = B14D573C16125A5300F282A8 /* hipmob.framework */; };
		B14D574E16125A6C00F282A8 /* aqua.png in Resources */ = {isa = PBXBuildFile; fileRef = B14D573E16125A6C00F282A8 /* aqua.png */; };
		B14D574F16125A6C00F282A8 /* bluechatbubble.png in Resources */ = {isa = PBXBuildFile; fileRef = B14D573F16125A6C00F282A8 /* bluechatbubble.png */; };
		B14D575016125A6C00F282A8 /* green.png in Resources */ = {isa = PBXBuildFile; fileRef = B14D574016125A6C00F282A8 /* green.png */; };
		B14D575116125A6C00F282A8 /* grey-background.png in Resources */ = {isa = PBXBuildFile; fileRef = B14D574116125A6C00F282A8 /* grey-background.png */; };
		B14D575216125A6C00F282A8 /* hipmob-Info.plist in Resources */ = {isa = PBXBuildFile; fileRef = B14D574216125A6C00F282A8 /* hipmob-Info.plist */; };
		B14D575316125A6C00F282A8 /* hipmob.back.btn.png in Resources */ = {isa = PBXBuildFile; fileRef = B14D574316125A6C00F282A8 /* hipmob.back.btn.png */; };
		B14D575416125A6C00F282A8 /* hipmob.send.png in Resources */ = {isa = PBXBuildFile; fileRef = B14D574416125A6C00F282A8 /* hipmob.send.png */; };
		B14D575516125A6C00F282A8 /* hipmobsend_field.png in Resources */ = {isa = PBXBuildFile; fileRef = B14D574516125A6C00F282A8 /* hipmobsend_field.png */; };
		B14D575616125A6C00F282A8 /* hipmobsend_field@2x.png in Resources */ = {isa = PBXBuildFile; fileRef = B14D574616125A6C00F282A8 /* hipmobsend_field@2x.png */; };
		B14D575716125A6C00F282A8 /* operator.available.png in Resources */ = {isa = PBXBuildFile; fileRef = B14D574716125A6C00F282A8 /* operator.available.png */; };
		B14D575816125A6C00F282A8 /* operator.connecting.png in Resources */ = {isa = PBXBuildFile; fileRef = B14D574816125A6C00F282A8 /* operator.connecting.png */; };
		B14D575916125A6C00F282A8 /* operator.unavailable.png in Resources */ = {isa = PBXBuildFile; fileRef = B14D574916125A6C00F282A8 /* operator.unavailable.png */; };
		B14D575A16125A6C00F282A8 /* send-button-active.png in Resources */ = {isa = PBXBuildFile; fileRef = B14D574A16125A6C00F282A8 /* send-button-active.png */; };
		B14D575B16125A6C00F282A8 /* send-button-inactive.png in Resources */ = {isa = PBXBuildFile; fileRef = B14D574B16125A6C00F282A8 /* send-button-inactive.png */; };
		B14D575C16125A6C00F282A8 /* send-button-instate.png in Resources */ = {isa = PBXBuildFile; fileRef = B14D574C16125A6C00F282A8 /* send-button-instate.png */; };
		B14D575D16125A6C00F282A8 /* send-field-landscape.png in Resources */ = {isa = PBXBuildFile; fileRef = B14D574D16125A6C00F282A8 /* send-field-landscape.png */; };
		B1C0E35D16110F450022AC87 /* UIKit.framework in Frameworks */ = {isa = PBXBuildFile; fileRef = B1C0E35C16110F450022AC87 /* UIKit.framework */; };
		B1C0E35F16110F450022AC87 /* Foundation.framework in Frameworks */ = {isa = PBXBuildFile; fileRef = B1C0E35E16110F450022AC87 /* Foundation.framework */; };
		B1C0E36116110F450022AC87 /* CoreGraphics.framework in Frameworks */ = {isa = PBXBuildFile; fileRef = B1C0E36016110F450022AC87 /* CoreGraphics.framework */; };
		B1C0E36716110F450022AC87 /* InfoPlist.strings in Resources */ = {isa = PBXBuildFile; fileRef = B1C0E36516110F450022AC87 /* InfoPlist.strings */; };
		B1C0E36916110F450022AC87 /* main.m in Sources */ = {isa = PBXBuildFile; fileRef = B1C0E36816110F450022AC87 /* main.m */; };
		B1C0E36D16110F460022AC87 /* TestAppDelegate.m in Sources */ = {isa = PBXBuildFile; fileRef = B1C0E36C16110F450022AC87 /* TestAppDelegate.m */; };
		B1C0E36F16110F460022AC87 /* Default.png in Resources */ = {isa = PBXBuildFile; fileRef = B1C0E36E16110F460022AC87 /* Default.png */; };
		B1C0E37116110F460022AC87 /* Default@2x.png in Resources */ = {isa = PBXBuildFile; fileRef = B1C0E37016110F460022AC87 /* Default@2x.png */; };
		B1C0E37316110F460022AC87 /* Default-568h@2x.png in Resources */ = {isa = PBXBuildFile; fileRef = B1C0E37216110F460022AC87 /* Default-568h@2x.png */; };
		B1C0E37616110F460022AC87 /* TestViewController.m in Sources */ = {isa = PBXBuildFile; fileRef = B1C0E37516110F460022AC87 /* TestViewController.m */; };
		B1C0E37916110F460022AC87 /* TestViewController_iPhone.xib in Resources */ = {isa = PBXBuildFile; fileRef = B1C0E37716110F460022AC87 /* TestViewController_iPhone.xib */; };
		B1C0E37C16110F460022AC87 /* TestViewController_iPad.xib in Resources */ = {isa = PBXBuildFile; fileRef = B1C0E37A16110F460022AC87 /* TestViewController_iPad.xib */; };
		B1C0E3C01611213B0022AC87 /* CFNetwork.framework in Frameworks */ = {isa = PBXBuildFile; fileRef = B1C0E3BF1611213B0022AC87 /* CFNetwork.framework */; };
		B1C0E3C2161121580022AC87 /* libicucore.dylib in Frameworks */ = {isa = PBXBuildFile; fileRef = B1C0E3C1161121580022AC87 /* libicucore.dylib */; };
		B1C0E3C4161121660022AC87 /* Security.framework in Frameworks */ = {isa = PBXBuildFile; fileRef = B1C0E3C3161121660022AC87 /* Security.framework */; };
		B1C0E456161175B40022AC87 /* Icon-72.png in Resources */ = {isa = PBXBuildFile; fileRef = B1C0E450161175B40022AC87 /* Icon-72.png */; };
		B1C0E457161175B40022AC87 /* Icon-Small-50.png in Resources */ = {isa = PBXBuildFile; fileRef = B1C0E451161175B40022AC87 /* Icon-Small-50.png */; };
		B1C0E458161175B40022AC87 /* Icon-Small.png in Resources */ = {isa = PBXBuildFile; fileRef = B1C0E452161175B40022AC87 /* Icon-Small.png */; };
		B1C0E459161175B40022AC87 /* Icon-Small@2x.png in Resources */ = {isa = PBXBuildFile; fileRef = B1C0E453161175B40022AC87 /* Icon-Small@2x.png */; };
		B1C0E45A161175B40022AC87 /* Icon.png in Resources */ = {isa = PBXBuildFile; fileRef = B1C0E454161175B40022AC87 /* Icon.png */; };
		B1C0E45B161175B40022AC87 /* Icon@2x.png in Resources */ = {isa = PBXBuildFile; fileRef = B1C0E455161175B40022AC87 /* Icon@2x.png */; };
/* End PBXBuildFile section */

/* Begin PBXFileReference section */
		B14D573C16125A5300F282A8 /* hipmob.framework */ = {isa = PBXFileReference; lastKnownFileType = wrapper.framework; path = hipmob.framework; sourceTree = "<group>"; };
		B14D573E16125A6C00F282A8 /* aqua.png */ = {isa = PBXFileReference; lastKnownFileType = image.png; name = aqua.png; path = hipmob.framework/Versions/A/Resources/aqua.png; sourceTree = "<group>"; };
		B14D573F16125A6C00F282A8 /* bluechatbubble.png */ = {isa = PBXFileReference; lastKnownFileType = image.png; name = bluechatbubble.png; path = hipmob.framework/Versions/A/Resources/bluechatbubble.png; sourceTree = "<group>"; };
		B14D574016125A6C00F282A8 /* green.png */ = {isa = PBXFileReference; lastKnownFileType = image.png; name = green.png; path = hipmob.framework/Versions/A/Resources/green.png; sourceTree = "<group>"; };
		B14D574116125A6C00F282A8 /* grey-background.png */ = {isa = PBXFileReference; lastKnownFileType = image.png; name = "grey-background.png"; path = "hipmob.framework/Versions/A/Resources/grey-background.png"; sourceTree = "<group>"; };
		B14D574216125A6C00F282A8 /* hipmob-Info.plist */ = {isa = PBXFileReference; lastKnownFileType = text.plist.xml; name = "hipmob-Info.plist"; path = "hipmob.framework/Versions/A/Resources/hipmob-Info.plist"; sourceTree = "<group>"; };
		B14D574316125A6C00F282A8 /* hipmob.back.btn.png */ = {isa = PBXFileReference; lastKnownFileType = image.png; name = hipmob.back.btn.png; path = hipmob.framework/Versions/A/Resources/hipmob.back.btn.png; sourceTree = "<group>"; };
		B14D574416125A6C00F282A8 /* hipmob.send.png */ = {isa = PBXFileReference; lastKnownFileType = image.png; name = hipmob.send.png; path = hipmob.framework/Versions/A/Resources/hipmob.send.png; sourceTree = "<group>"; };
		B14D574516125A6C00F282A8 /* hipmobsend_field.png */ = {isa = PBXFileReference; lastKnownFileType = image.png; name = hipmobsend_field.png; path = hipmob.framework/Versions/A/Resources/hipmobsend_field.png; sourceTree = "<group>"; };
		B14D574616125A6C00F282A8 /* hipmobsend_field@2x.png */ = {isa = PBXFileReference; lastKnownFileType = image.png; name = "hipmobsend_field@2x.png"; path = "hipmob.framework/Versions/A/Resources/hipmobsend_field@2x.png"; sourceTree = "<group>"; };
		B14D574716125A6C00F282A8 /* operator.available.png */ = {isa = PBXFileReference; lastKnownFileType = image.png; name = operator.available.png; path = hipmob.framework/Versions/A/Resources/operator.available.png; sourceTree = "<group>"; };
		B14D574816125A6C00F282A8 /* operator.connecting.png */ = {isa = PBXFileReference; lastKnownFileType = image.png; name = operator.connecting.png; path = hipmob.framework/Versions/A/Resources/operator.connecting.png; sourceTree = "<group>"; };
		B14D574916125A6C00F282A8 /* operator.unavailable.png */ = {isa = PBXFileReference; lastKnownFileType = image.png; name = operator.unavailable.png; path = hipmob.framework/Versions/A/Resources/operator.unavailable.png; sourceTree = "<group>"; };
		B14D574A16125A6C00F282A8 /* send-button-active.png */ = {isa = PBXFileReference; lastKnownFileType = image.png; name = "send-button-active.png"; path = "hipmob.framework/Versions/A/Resources/send-button-active.png"; sourceTree = "<group>"; };
		B14D574B16125A6C00F282A8 /* send-button-inactive.png */ = {isa = PBXFileReference; lastKnownFileType = image.png; name = "send-button-inactive.png"; path = "hipmob.framework/Versions/A/Resources/send-button-inactive.png"; sourceTree = "<group>"; };
		B14D574C16125A6C00F282A8 /* send-button-instate.png */ = {isa = PBXFileReference; lastKnownFileType = image.png; name = "send-button-instate.png"; path = "hipmob.framework/Versions/A/Resources/send-button-instate.png"; sourceTree = "<group>"; };
		B14D574D16125A6C00F282A8 /* send-field-landscape.png */ = {isa = PBXFileReference; lastKnownFileType = image.png; name = "send-field-landscape.png"; path = "hipmob.framework/Versions/A/Resources/send-field-landscape.png"; sourceTree = "<group>"; };
		B1C0E35816110F450022AC87 /* Support Chat.app */ = {isa = PBXFileReference; explicitFileType = wrapper.application; includeInIndex = 0; path = "Support Chat.app"; sourceTree = BUILT_PRODUCTS_DIR; };
		B1C0E35C16110F450022AC87 /* UIKit.framework */ = {isa = PBXFileReference; lastKnownFileType = wrapper.framework; name = UIKit.framework; path = System/Library/Frameworks/UIKit.framework; sourceTree = SDKROOT; };
		B1C0E35E16110F450022AC87 /* Foundation.framework */ = {isa = PBXFileReference; lastKnownFileType = wrapper.framework; name = Foundation.framework; path = System/Library/Frameworks/Foundation.framework; sourceTree = SDKROOT; };
		B1C0E36016110F450022AC87 /* CoreGraphics.framework */ = {isa = PBXFileReference; lastKnownFileType = wrapper.framework; name = CoreGraphics.framework; path = System/Library/Frameworks/CoreGraphics.framework; sourceTree = SDKROOT; };
		B1C0E36416110F450022AC87 /* hipmobtest-Info.plist */ = {isa = PBXFileReference; lastKnownFileType = text.plist.xml; path = "hipmobtest-Info.plist"; sourceTree = "<group>"; };
		B1C0E36616110F450022AC87 /* en */ = {isa = PBXFileReference; lastKnownFileType = text.plist.strings; name = en; path = en.lproj/InfoPlist.strings; sourceTree = "<group>"; };
		B1C0E36816110F450022AC87 /* main.m */ = {isa = PBXFileReference; lastKnownFileType = sourcecode.c.objc; path = main.m; sourceTree = "<group>"; };
		B1C0E36A16110F450022AC87 /* hipmobtest-Prefix.pch */ = {isa = PBXFileReference; lastKnownFileType = sourcecode.c.h; path = "hipmobtest-Prefix.pch"; sourceTree = "<group>"; };
		B1C0E36B16110F450022AC87 /* TestAppDelegate.h */ = {isa = PBXFileReference; lastKnownFileType = sourcecode.c.h; path = TestAppDelegate.h; sourceTree = "<group>"; };
		B1C0E36C16110F450022AC87 /* TestAppDelegate.m */ = {isa = PBXFileReference; lastKnownFileType = sourcecode.c.objc; path = TestAppDelegate.m; sourceTree = "<group>"; };
		B1C0E36E16110F460022AC87 /* Default.png */ = {isa = PBXFileReference; lastKnownFileType = image.png; path = Default.png; sourceTree = "<group>"; };
		B1C0E37016110F460022AC87 /* Default@2x.png */ = {isa = PBXFileReference; lastKnownFileType = image.png; path = "Default@2x.png"; sourceTree = "<group>"; };
		B1C0E37216110F460022AC87 /* Default-568h@2x.png */ = {isa = PBXFileReference; lastKnownFileType = image.png; path = "Default-568h@2x.png"; sourceTree = "<group>"; };
		B1C0E37416110F460022AC87 /* TestViewController.h */ = {isa = PBXFileReference; lastKnownFileType = sourcecode.c.h; path = TestViewController.h; sourceTree = "<group>"; };
		B1C0E37516110F460022AC87 /* TestViewController.m */ = {isa = PBXFileReference; lastKnownFileType = sourcecode.c.objc; path = TestViewController.m; sourceTree = "<group>"; };
		B1C0E37816110F460022AC87 /* en */ = {isa = PBXFileReference; lastKnownFileType = file.xib; name = en; path = en.lproj/TestViewController_iPhone.xib; sourceTree = "<group>"; };
		B1C0E37B16110F460022AC87 /* en */ = {isa = PBXFileReference; lastKnownFileType = file.xib; name = en; path = en.lproj/TestViewController_iPad.xib; sourceTree = "<group>"; };
		B1C0E3BF1611213B0022AC87 /* CFNetwork.framework */ = {isa = PBXFileReference; lastKnownFileType = wrapper.framework; name = CFNetwork.framework; path = Platforms/iPhoneOS.platform/Developer/SDKs/iPhoneOS6.0.sdk/System/Library/Frameworks/CFNetwork.framework; sourceTree = DEVELOPER_DIR; };
		B1C0E3C1161121580022AC87 /* libicucore.dylib */ = {isa = PBXFileReference; lastKnownFileType = "compiled.mach-o.dylib"; name = libicucore.dylib; path = Platforms/iPhoneOS.platform/Developer/SDKs/iPhoneOS6.0.sdk/usr/lib/libicucore.dylib; sourceTree = DEVELOPER_DIR; };
		B1C0E3C3161121660022AC87 /* Security.framework */ = {isa = PBXFileReference; lastKnownFileType = wrapper.framework; name = Security.framework; path = Platforms/iPhoneOS.platform/Developer/SDKs/iPhoneOS6.0.sdk/System/Library/Frameworks/Security.framework; sourceTree = DEVELOPER_DIR; };
		B1C0E450161175B40022AC87 /* Icon-72.png */ = {isa = PBXFileReference; lastKnownFileType = image.png; name = "Icon-72.png"; path = "hipmobtest/Icons/Icon-72.png"; sourceTree = "<group>"; };
		B1C0E451161175B40022AC87 /* Icon-Small-50.png */ = {isa = PBXFileReference; lastKnownFileType = image.png; name = "Icon-Small-50.png"; path = "hipmobtest/Icons/Icon-Small-50.png"; sourceTree = "<group>"; };
		B1C0E452161175B40022AC87 /* Icon-Small.png */ = {isa = PBXFileReference; lastKnownFileType = image.png; name = "Icon-Small.png"; path = "hipmobtest/Icons/Icon-Small.png"; sourceTree = "<group>"; };
		B1C0E453161175B40022AC87 /* Icon-Small@2x.png */ = {isa = PBXFileReference; lastKnownFileType = image.png; name = "Icon-Small@2x.png"; path = "hipmobtest/Icons/Icon-Small@2x.png"; sourceTree = "<group>"; };
		B1C0E454161175B40022AC87 /* Icon.png */ = {isa = PBXFileReference; lastKnownFileType = image.png; name = Icon.png; path = hipmobtest/Icons/Icon.png; sourceTree = "<group>"; };
		B1C0E455161175B40022AC87 /* Icon@2x.png */ = {isa = PBXFileReference; lastKnownFileType = image.png; name = "Icon@2x.png"; path = "hipmobtest/Icons/Icon@2x.png"; sourceTree = "<group>"; };
/* End PBXFileReference section */

/* Begin PBXFrameworksBuildPhase section */
		B1C0E35516110F450022AC87 /* Frameworks */ = {
			isa = PBXFrameworksBuildPhase;
			buildActionMask = 2147483647;
			files = (
				B1C0E3C4161121660022AC87 /* Security.framework in Frameworks */,
				B1C0E3C2161121580022AC87 /* libicucore.dylib in Frameworks */,
				B1C0E3C01611213B0022AC87 /* CFNetwork.framework in Frameworks */,
				B1C0E35D16110F450022AC87 /* UIKit.framework in Frameworks */,
				B1C0E35F16110F450022AC87 /* Foundation.framework in Frameworks */,
				B1C0E36116110F450022AC87 /* CoreGraphics.framework in Frameworks */,
				B14D573D16125A5300F282A8 /* hipmob.framework in Frameworks */,
			);
			runOnlyForDeploymentPostprocessing = 0;
		};
/* End PBXFrameworksBuildPhase section */

/* Begin PBXGroup section */
		B1C0E34D16110F450022AC87 = {
			isa = PBXGroup;
			children = (
				B14D573E16125A6C00F282A8 /* aqua.png */,
				B14D573F16125A6C00F282A8 /* bluechatbubble.png */,
				B14D574016125A6C00F282A8 /* green.png */,
				B14D574116125A6C00F282A8 /* grey-background.png */,
				B14D574216125A6C00F282A8 /* hipmob-Info.plist */,
				B14D574316125A6C00F282A8 /* hipmob.back.btn.png */,
				B14D574416125A6C00F282A8 /* hipmob.send.png */,
				B14D574516125A6C00F282A8 /* hipmobsend_field.png */,
				B14D574616125A6C00F282A8 /* hipmobsend_field@2x.png */,
				B14D574716125A6C00F282A8 /* operator.available.png */,
				B14D574816125A6C00F282A8 /* operator.connecting.png */,
				B14D574916125A6C00F282A8 /* operator.unavailable.png */,
				B14D574A16125A6C00F282A8 /* send-button-active.png */,
				B14D574B16125A6C00F282A8 /* send-button-inactive.png */,
				B14D574C16125A6C00F282A8 /* send-button-instate.png */,
				B14D574D16125A6C00F282A8 /* send-field-landscape.png */,
				B14D573C16125A5300F282A8 /* hipmob.framework */,
				B1C0E450161175B40022AC87 /* Icon-72.png */,
				B1C0E451161175B40022AC87 /* Icon-Small-50.png */,
				B1C0E452161175B40022AC87 /* Icon-Small.png */,
				B1C0E453161175B40022AC87 /* Icon-Small@2x.png */,
				B1C0E454161175B40022AC87 /* Icon.png */,
				B1C0E455161175B40022AC87 /* Icon@2x.png */,
				B1C0E3C3161121660022AC87 /* Security.framework */,
				B1C0E3C1161121580022AC87 /* libicucore.dylib */,
				B1C0E3BF1611213B0022AC87 /* CFNetwork.framework */,
				B1C0E36216110F450022AC87 /* hipmobtest */,
				B1C0E35B16110F450022AC87 /* Frameworks */,
				B1C0E35916110F450022AC87 /* Products */,
			);
			sourceTree = "<group>";
		};
		B1C0E35916110F450022AC87 /* Products */ = {
			isa = PBXGroup;
			children = (
				B1C0E35816110F450022AC87 /* Support Chat.app */,
			);
			name = Products;
			sourceTree = "<group>";
		};
		B1C0E35B16110F450022AC87 /* Frameworks */ = {
			isa = PBXGroup;
			children = (
				B1C0E35C16110F450022AC87 /* UIKit.framework */,
				B1C0E35E16110F450022AC87 /* Foundation.framework */,
				B1C0E36016110F450022AC87 /* CoreGraphics.framework */,
			);
			name = Frameworks;
			sourceTree = "<group>";
		};
		B1C0E36216110F450022AC87 /* hipmobtest */ = {
			isa = PBXGroup;
			children = (
				B1C0E36B16110F450022AC87 /* TestAppDelegate.h */,
				B1C0E36C16110F450022AC87 /* TestAppDelegate.m */,
				B1C0E37416110F460022AC87 /* TestViewController.h */,
				B1C0E37516110F460022AC87 /* TestViewController.m */,
				B1C0E37716110F460022AC87 /* TestViewController_iPhone.xib */,
				B1C0E37A16110F460022AC87 /* TestViewController_iPad.xib */,
				B1C0E36316110F450022AC87 /* Supporting Files */,
			);
			path = hipmobtest;
			sourceTree = "<group>";
		};
		B1C0E36316110F450022AC87 /* Supporting Files */ = {
			isa = PBXGroup;
			children = (
				B1C0E36416110F450022AC87 /* hipmobtest-Info.plist */,
				B1C0E36516110F450022AC87 /* InfoPlist.strings */,
				B1C0E36816110F450022AC87 /* main.m */,
				B1C0E36A16110F450022AC87 /* hipmobtest-Prefix.pch */,
				B1C0E36E16110F460022AC87 /* Default.png */,
				B1C0E37016110F460022AC87 /* Default@2x.png */,
				B1C0E37216110F460022AC87 /* Default-568h@2x.png */,
			);
			name = "Supporting Files";
			sourceTree = "<group>";
		};
/* End PBXGroup section */

/* Begin PBXNativeTarget section */
		B1C0E35716110F450022AC87 /* Support Chat */ = {
			isa = PBXNativeTarget;
			buildConfigurationList = B1C0E37F16110F460022AC87 /* Build configuration list for PBXNativeTarget "Support Chat" */;
			buildPhases = (
				B1C0E35416110F450022AC87 /* Sources */,
				B1C0E35516110F450022AC87 /* Frameworks */,
				B1C0E35616110F450022AC87 /* Resources */,
			);
			buildRules = (
			);
			dependencies = (
			);
			name = "Support Chat";
			productName = hipmobtest;
			productReference = B1C0E35816110F450022AC87 /* Support Chat.app */;
			productType = "com.apple.product-type.application";
		};
/* End PBXNativeTarget section */

/* Begin PBXProject section */
		B1C0E34F16110F450022AC87 /* Project object */ = {
			isa = PBXProject;
			attributes = {
				CLASSPREFIX = Test;
				LastUpgradeCheck = 0450;
				ORGANIZATIONNAME = "Orthogonal Labs, Inc.";
			};
			buildConfigurationList = B1C0E35216110F450022AC87 /* Build configuration list for PBXProject "hipmobtest" */;
			compatibilityVersion = "Xcode 3.2";
			developmentRegion = English;
			hasScannedForEncodings = 0;
			knownRegions = (
				en,
			);
			mainGroup = B1C0E34D16110F450022AC87;
			productRefGroup = B1C0E35916110F450022AC87 /* Products */;
			projectDirPath = "";
			projectRoot = "";
			targets = (
				B1C0E35716110F450022AC87 /* Support Chat */,
			);
		};
/* End PBXProject section */

/* Begin PBXResourcesBuildPhase section */
		B1C0E35616110F450022AC87 /* Resources */ = {
			isa = PBXResourcesBuildPhase;
			buildActionMask = 2147483647;
			files = (
				B14D574E16125A6C00F282A8 /* aqua.png in Resources */,
				B14D574F16125A6C00F282A8 /* bluechatbubble.png in Resources */,
				B14D575016125A6C00F282A8 /* green.png in Resources */,
				B14D575116125A6C00F282A8 /* grey-background.png in Resources */,
				B14D575216125A6C00F282A8 /* hipmob-Info.plist in Resources */,
				B14D575316125A6C00F282A8 /* hipmob.back.btn.png in Resources */,
				B14D575416125A6C00F282A8 /* hipmob.send.png in Resources */,
				B14D575516125A6C00F282A8 /* hipmobsend_field.png in Resources */,
				B14D575616125A6C00F282A8 /* hipmobsend_field@2x.png in Resources */,
				B14D575716125A6C00F282A8 /* operator.available.png in Resources */,
				B14D575816125A6C00F282A8 /* operator.connecting.png in Resources */,
				B14D575916125A6C00F282A8 /* operator.unavailable.png in Resources */,
				B14D575A16125A6C00F282A8 /* send-button-active.png in Resources */,
				B14D575B16125A6C00F282A8 /* send-button-inactive.png in Resources */,
				B14D575C16125A6C00F282A8 /* send-button-instate.png in Resources */,
				B14D575D16125A6C00F282A8 /* send-field-landscape.png in Resources */,
				B1C0E456161175B40022AC87 /* Icon-72.png in Resources */,
				B1C0E457161175B40022AC87 /* Icon-Small-50.png in Resources */,
				B1C0E458161175B40022AC87 /* Icon-Small.png in Resources */,
				B1C0E459161175B40022AC87 /* Icon-Small@2x.png in Resources */,
				B1C0E45A161175B40022AC87 /* Icon.png in Resources */,
				B1C0E45B161175B40022AC87 /* Icon@2x.png in Resources */,
				B1C0E36716110F450022AC87 /* InfoPlist.strings in Resources */,
				B1C0E36F16110F460022AC87 /* Default.png in Resources */,
				B1C0E37116110F460022AC87 /* Default@2x.png in Resources */,
				B1C0E37316110F460022AC87 /* Default-568h@2x.png in Resources */,
				B1C0E37916110F460022AC87 /* TestViewController_iPhone.xib in Resources */,
				B1C0E37C16110F460022AC87 /* TestViewController_iPad.xib in Resources */,
			);
			runOnlyForDeploymentPostprocessing = 0;
		};
/* End PBXResourcesBuildPhase section */

/* Begin PBXSourcesBuildPhase section */
		B1C0E35416110F450022AC87 /* Sources */ = {
			isa = PBXSourcesBuildPhase;
			buildActionMask = 2147483647;
			files = (
				B1C0E36916110F450022AC87 /* main.m in Sources */,
				B1C0E36D16110F460022AC87 /* TestAppDelegate.m in Sources */,
				B1C0E37616110F460022AC87 /* TestViewController.m in Sources */,
			);
			runOnlyForDeploymentPostprocessing = 0;
		};
/* End PBXSourcesBuildPhase section */

/* Begin PBXVariantGroup section */
		B1C0E36516110F450022AC87 /* InfoPlist.strings */ = {
			isa = PBXVariantGroup;
			children = (
				B1C0E36616110F450022AC87 /* en */,
			);
			name = InfoPlist.strings;
			sourceTree = "<group>";
		};
		B1C0E37716110F460022AC87 /* TestViewController_iPhone.xib */ = {
			isa = PBXVariantGroup;
			children = (
				B1C0E37816110F460022AC87 /* en */,
			);
			name = TestViewController_iPhone.xib;
			sourceTree = "<group>";
		};
		B1C0E37A16110F460022AC87 /* TestViewController_iPad.xib */ = {
			isa = PBXVariantGroup;
			children = (
				B1C0E37B16110F460022AC87 /* en */,
			);
			name = TestViewController_iPad.xib;
			sourceTree = "<group>";
		};
/* End PBXVariantGroup section */

/* Begin XCBuildConfiguration section */
		B1C0E37D16110F460022AC87 /* Debug */ = {
			isa = XCBuildConfiguration;
			buildSettings = {
				ALWAYS_SEARCH_USER_PATHS = NO;
				CLANG_CXX_LANGUAGE_STANDARD = "gnu++0x";
				CLANG_CXX_LIBRARY = "libc++";
				CLANG_WARN_EMPTY_BODY = YES;
				CLANG_WARN__DUPLICATE_METHOD_MATCH = YES;
				"CODE_SIGN_IDENTITY[sdk=iphoneos*]" = "iPhone Developer";
				COPY_PHASE_STRIP = NO;
				GCC_C_LANGUAGE_STANDARD = gnu99;
				GCC_DYNAMIC_NO_PIC = NO;
				GCC_OPTIMIZATION_LEVEL = 0;
				GCC_PREPROCESSOR_DEFINITIONS = (
					"DEBUG=1",
					"$(inherited)",
				);
				GCC_SYMBOLS_PRIVATE_EXTERN = NO;
				GCC_WARN_ABOUT_RETURN_TYPE = YES;
				GCC_WARN_UNINITIALIZED_AUTOS = YES;
				GCC_WARN_UNUSED_VARIABLE = YES;
				IPHONEOS_DEPLOYMENT_TARGET = 4.3;
				OTHER_LDFLAGS = "-ObjC";
				SDKROOT = iphoneos5.1;
				TARGETED_DEVICE_FAMILY = "1,2";
				VALID_ARCHS = armv7;
			};
			name = Debug;
		};
		B1C0E37E16110F460022AC87 /* Release */ = {
			isa = XCBuildConfiguration;
			buildSettings = {
				ALWAYS_SEARCH_USER_PATHS = NO;
				CLANG_CXX_LANGUAGE_STANDARD = "gnu++0x";
				CLANG_CXX_LIBRARY = "libc++";
				CLANG_WARN_EMPTY_BODY = YES;
				CLANG_WARN__DUPLICATE_METHOD_MATCH = YES;
				"CODE_SIGN_IDENTITY[sdk=iphoneos*]" = "iPhone Developer";
				COPY_PHASE_STRIP = YES;
				GCC_C_LANGUAGE_STANDARD = gnu99;
				GCC_WARN_ABOUT_RETURN_TYPE = YES;
				GCC_WARN_UNINITIALIZED_AUTOS = YES;
				GCC_WARN_UNUSED_VARIABLE = YES;
				IPHONEOS_DEPLOYMENT_TARGET = 4.3;
				OTHER_CFLAGS = "-DNS_BLOCK_ASSERTIONS=1";
				OTHER_LDFLAGS = "-ObjC";
				SDKROOT = iphoneos5.1;
				TARGETED_DEVICE_FAMILY = "1,2";
				VALIDATE_PRODUCT = YES;
				VALID_ARCHS = armv7;
			};
			name = Release;
		};
		B1C0E38016110F460022AC87 /* Debug */ = {
			isa = XCBuildConfiguration;
			buildSettings = {
				FRAMEWORK_SEARCH_PATHS = (
					"$(inherited)",
					"\"$(SRCROOT)\"",
					"\"$(SRCROOT)/../../../Library/Developer/Xcode/DerivedData/hipmob-dqkkbydrbagiodbivpulhimyixlq/Build/Products/Release-iphoneuniversal/full\"",
				);
				GCC_PRECOMPILE_PREFIX_HEADER = YES;
				GCC_PREFIX_HEADER = "hipmobtest/hipmobtest-Prefix.pch";
				INFOPLIST_FILE = "hipmobtest/hipmobtest-Info.plist";
				IPHONEOS_DEPLOYMENT_TARGET = 4.3;
				OTHER_LDFLAGS = "-ObjC";
				PRODUCT_NAME = "$(TARGET_NAME)";
				SDKROOT = iphoneos5.1;
				TARGETED_DEVICE_FAMILY = "1,2";
				VALID_ARCHS = armv7;
				WRAPPER_EXTENSION = app;
			};
			name = Debug;
		};
		B1C0E38116110F460022AC87 /* Release */ = {
			isa = XCBuildConfiguration;
			buildSettings = {
				FRAMEWORK_SEARCH_PATHS = (
					"$(inherited)",
					"\"$(SRCROOT)\"",
					"\"$(SRCROOT)/../../../Library/Developer/Xcode/DerivedData/hipmob-dqkkbydrbagiodbivpulhimyixlq/Build/Products/Release-iphoneuniversal/full\"",
				);
				GCC_PRECOMPILE_PREFIX_HEADER = YES;
				GCC_PREFIX_HEADER = "hipmobtest/hipmobtest-Prefix.pch";
				INFOPLIST_FILE = "hipmobtest/hipmobtest-Info.plist";
				IPHONEOS_DEPLOYMENT_TARGET = 4.3;
				OTHER_LDFLAGS = "-ObjC";
				PRODUCT_NAME = "$(TARGET_NAME)";
				SDKROOT = iphoneos5.1;
				TARGETED_DEVICE_FAMILY = "1,2";
				VALID_ARCHS = armv7;
				WRAPPER_EXTENSION = app;
			};
			name = Release;
		};
/* End XCBuildConfiguration section */

/* Begin XCConfigurationList section */
		B1C0E35216110F450022AC87 /* Build configuration list for PBXProject "hipmobtest" */ = {
			isa = XCConfigurationList;
			buildConfigurations = (
				B1C0E37D16110F460022AC87 /* Debug */,
				B1C0E37E16110F460022AC87 /* Release */,
			);
			defaultConfigurationIsVisible = 0;
			defaultConfigurationName = Release;
		};
		B1C0E37F16110F460022AC87 /* Build configuration list for PBXNativeTarget "Support Chat" */ = {
			isa = XCConfigurationList;
			buildConfigurations = (
				B1C0E38016110F460022AC87 /* Debug */,
				B1C0E38116110F460022AC87 /* Release */,
			);
			defaultConfigurationIsVisible = 0;
			defaultConfigurationName = Release;
		};
/* End XCConfigurationList section */
	};
	rootObject = B1C0E34F16110F450022AC87 /* Project object */;
}
